
Microsoft Visual Studio Solution File, Format Version 12.00
# Visual Studio Version 16
VisualStudioVersion = 16.0.30804.86
MinimumVisualStudioVersion = 10.0.40219.1
Project("{FAE04EC0-301F-11D3-BF4B-00C04F79EFBC}") = "cssbs-ex03-tham", "cssbs-ex03-tham.csproj", "{D7E15989-7A3F-4092-BE7B-895F6BD14FDE}"
EndProject
Global
	GlobalSection(SolutionConfigurationPlatforms) = preSolution
		Debug|Any CPU = Debug|Any CPU
		Release|Any CPU = Release|Any CPU
	EndGlobalSection
	GlobalSection(ProjectConfigurationPlatforms) = postSolution
		{D7E15989-7A3F-4092-BE7B-895F6BD14FDE}.Debug|Any CPU.ActiveCfg = Debug|Any CPU
		{D7E15989-7A3F-4092-BE7B-895F6BD14FDE}.Debug|Any CPU.Build.0 = Debug|Any CPU
		{D7E15989-7A3F-4092-BE7B-895F6BD14FDE}.Release|Any CPU.ActiveCfg = Release|Any CPU
		{D7E15989-7A3F-4092-BE7B-895F6BD14FDE}.Release|Any CPU.Build.0 = Release|Any CPU
	EndGlobalSection
	GlobalSection(SolutionProperties) = preSolution
		HideSolutionNode = FALSE
	EndGlobalSection
	GlobalSection(ExtensibilityGlobals) = postSolution
		SolutionGuid = {169346EE-7F77-49A4-84AE-517A17BD1DFE}
	EndGlobalSection
EndGlobal
