
Microsoft Visual Studio Solution File, Format Version 12.00
# Visual Studio Version 16
VisualStudioVersion = 16.0.30804.86
MinimumVisualStudioVersion = 10.0.40219.1
Project("{FAE04EC0-301F-11D3-BF4B-00C04F79EFBC}") = "cssbs-ex-04tham", "cssbs-ex-04tham.csproj", "{20C9AA84-7E26-42B4-8230-36C490888A66}"
EndProject
Global
	GlobalSection(SolutionConfigurationPlatforms) = preSolution
		Debug|Any CPU = Debug|Any CPU
		Release|Any CPU = Release|Any CPU
	EndGlobalSection
	GlobalSection(ProjectConfigurationPlatforms) = postSolution
		{20C9AA84-7E26-42B4-8230-36C490888A66}.Debug|Any CPU.ActiveCfg = Debug|Any CPU
		{20C9AA84-7E26-42B4-8230-36C490888A66}.Debug|Any CPU.Build.0 = Debug|Any CPU
		{20C9AA84-7E26-42B4-8230-36C490888A66}.Release|Any CPU.ActiveCfg = Release|Any CPU
		{20C9AA84-7E26-42B4-8230-36C490888A66}.Release|Any CPU.Build.0 = Release|Any CPU
	EndGlobalSection
	GlobalSection(SolutionProperties) = preSolution
		HideSolutionNode = FALSE
	EndGlobalSection
	GlobalSection(ExtensibilityGlobals) = postSolution
		SolutionGuid = {17C504E6-4AF8-4552-8BAE-B19A6B6E3AC5}
	EndGlobalSection
EndGlobal
